
Microsoft Visual Studio Solution File, Format Version 12.00
# Visual Studio 15
VisualStudioVersion = 15.0.28010.2036
MinimumVisualStudioVersion = 10.0.40219.1
Project("{FAE04EC0-301F-11D3-BF4B-00C04F79EFBC}") = "BuildZoo", "BuildZoo\BuildZoo.csproj", "{E6E4D892-E730-44F7-B22F-6F25BB622C7A}"
EndProject
Global
	GlobalSection(SolutionConfigurationPlatforms) = preSolution
		Debug|Any CPU = Debug|Any CPU
		Release|Any CPU = Release|Any CPU
	EndGlobalSection
	GlobalSection(ProjectConfigurationPlatforms) = postSolution
		{E6E4D892-E730-44F7-B22F-6F25BB622C7A}.Debug|Any CPU.ActiveCfg = Debug|Any CPU
		{E6E4D892-E730-44F7-B22F-6F25BB622C7A}.Debug|Any CPU.Build.0 = Debug|Any CPU
		{E6E4D892-E730-44F7-B22F-6F25BB622C7A}.Release|Any CPU.ActiveCfg = Release|Any CPU
		{E6E4D892-E730-44F7-B22F-6F25BB622C7A}.Release|Any CPU.Build.0 = Release|Any CPU
	EndGlobalSection
	GlobalSection(SolutionProperties) = preSolution
		HideSolutionNode = FALSE
	EndGlobalSection
	GlobalSection(ExtensibilityGlobals) = postSolution
		SolutionGuid = {6D5D96BA-0C16-4695-9343-AF5547483E66}
	EndGlobalSection
EndGlobal
